
Microsoft Visual Studio Solution File, Format Version 12.00
# Visual Studio Version 17
VisualStudioVersion = 17.4.33213.308
MinimumVisualStudioVersion = 10.0.40219.1
Project("{FAE04EC0-301F-11D3-BF4B-00C04F79EFBC}") = "Assigment Tasks-2", "Assigment Tasks-2\Assigment Tasks-2.csproj", "{982FD528-130B-4830-8F2B-6D3B072ABFED}"
EndProject
Global
	GlobalSection(SolutionConfigurationPlatforms) = preSolution
		Debug|Any CPU = Debug|Any CPU
		Release|Any CPU = Release|Any CPU
	EndGlobalSection
	GlobalSection(ProjectConfigurationPlatforms) = postSolution
		{982FD528-130B-4830-8F2B-6D3B072ABFED}.Debug|Any CPU.ActiveCfg = Debug|Any CPU
		{982FD528-130B-4830-8F2B-6D3B072ABFED}.Debug|Any CPU.Build.0 = Debug|Any CPU
		{982FD528-130B-4830-8F2B-6D3B072ABFED}.Release|Any CPU.ActiveCfg = Release|Any CPU
		{982FD528-130B-4830-8F2B-6D3B072ABFED}.Release|Any CPU.Build.0 = Release|Any CPU
	EndGlobalSection
	GlobalSection(SolutionProperties) = preSolution
		HideSolutionNode = FALSE
	EndGlobalSection
	GlobalSection(ExtensibilityGlobals) = postSolution
		SolutionGuid = {B361CB47-19B8-4C7C-A34D-E885A3DAB02D}
	EndGlobalSection
EndGlobal
